// !$*UTF8*$!
{
	archiveVersion = 1;
	classes = {
	};
	objectVersion = 46;
	objects = {

/* Begin PBXBuildFile section */
		EF61206317B23E6400F1C371 /* UIKit.framework in Frameworks */ = {isa = PBXBuildFile; fileRef = EF61206217B23E6400F1C371 /* UIKit.framework */; };
		EF61206517B23E6400F1C371 /* Foundation.framework in Frameworks */ = {isa = PBXBuildFile; fileRef = EF61206417B23E6400F1C371 /* Foundation.framework */; };
		EF61206717B23E6400F1C371 /* CoreGraphics.framework in Frameworks */ = {isa = PBXBuildFile; fileRef = EF61206617B23E6400F1C371 /* CoreGraphics.framework */; };
		EF61206D17B23E6400F1C371 /* InfoPlist.strings in Resources */ = {isa = PBXBuildFile; fileRef = EF61206B17B23E6400F1C371 /* InfoPlist.strings */; };
		EF61206F17B23E6400F1C371 /* main.m in Sources */ = {isa = PBXBuildFile; fileRef = EF61206E17B23E6400F1C371 /* main.m */; };
		EF61207317B23E6400F1C371 /* AppDelegate.m in Sources */ = {isa = PBXBuildFile; fileRef = EF61207217B23E6400F1C371 /* AppDelegate.m */; };
		EF61207517B23E6400F1C371 /* Default.png in Resources */ = {isa = PBXBuildFile; fileRef = EF61207417B23E6400F1C371 /* Default.png */; };
		EF61207717B23E6400F1C371 /* Default@2x.png in Resources */ = {isa = PBXBuildFile; fileRef = EF61207617B23E6400F1C371 /* Default@2x.png */; };
		EF61207917B23E6400F1C371 /* Default-568h@2x.png in Resources */ = {isa = PBXBuildFile; fileRef = EF61207817B23E6400F1C371 /* Default-568h@2x.png */; };
		EF61207C17B23E6400F1C371 /* MainStoryboard.storyboard in Resources */ = {isa = PBXBuildFile; fileRef = EF61207A17B23E6400F1C371 /* MainStoryboard.storyboard */; };
		EF61207F17B23E6400F1C371 /* ViewController.m in Sources */ = {isa = PBXBuildFile; fileRef = EF61207E17B23E6400F1C371 /* ViewController.m */; };
/* End PBXBuildFile section */

/* Begin PBXFileReference section */
		EF61205F17B23E6400F1C371 /* TwoTableview.app */ = {isa = PBXFileReference; explicitFileType = wrapper.application; includeInIndex = 0; path = TwoTableview.app; sourceTree = BUILT_PRODUCTS_DIR; };
		EF61206217B23E6400F1C371 /* UIKit.framework */ = {isa = PBXFileReference; lastKnownFileType = wrapper.framework; name = UIKit.framework; path = System/Library/Frameworks/UIKit.framework; sourceTree = SDKROOT; };
		EF61206417B23E6400F1C371 /* Foundation.framework */ = {isa = PBXFileReference; lastKnownFileType = wrapper.framework; name = Foundation.framework; path = System/Library/Frameworks/Foundation.framework; sourceTree = SDKROOT; };
		EF61206617B23E6400F1C371 /* CoreGraphics.framework */ = {isa = PBXFileReference; lastKnownFileType = wrapper.framework; name = CoreGraphics.framework; path = System/Library/Frameworks/CoreGraphics.framework; sourceTree = SDKROOT; };
		EF61206A17B23E6400F1C371 /* TwoTableview-Info.plist */ = {isa = PBXFileReference; lastKnownFileType = text.plist.xml; path = "TwoTableview-Info.plist"; sourceTree = "<group>"; };
		EF61206C17B23E6400F1C371 /* en */ = {isa = PBXFileReference; lastKnownFileType = text.plist.strings; name = en; path = en.lproj/InfoPlist.strings; sourceTree = "<group>"; };
		EF61206E17B23E6400F1C371 /* main.m */ = {isa = PBXFileReference; lastKnownFileType = sourcecode.c.objc; path = main.m; sourceTree = "<group>"; };
		EF61207017B23E6400F1C371 /* TwoTableview-Prefix.pch */ = {isa = PBXFileReference; lastKnownFileType = sourcecode.c.h; path = "TwoTableview-Prefix.pch"; sourceTree = "<group>"; };
		EF61207117B23E6400F1C371 /* AppDelegate.h */ = {isa = PBXFileReference; lastKnownFileType = sourcecode.c.h; path = AppDelegate.h; sourceTree = "<group>"; };
		EF61207217B23E6400F1C371 /* AppDelegate.m */ = {isa = PBXFileReference; lastKnownFileType = sourcecode.c.objc; path = AppDelegate.m; sourceTree = "<group>"; };
		EF61207417B23E6400F1C371 /* Default.png */ = {isa = PBXFileReference; lastKnownFileType = image.png; path = Default.png; sourceTree = "<group>"; };
		EF61207617B23E6400F1C371 /* Default@2x.png */ = {isa = PBXFileReference; lastKnownFileType = image.png; path = "Default@2x.png"; sourceTree = "<group>"; };
		EF61207817B23E6400F1C371 /* Default-568h@2x.png */ = {isa = PBXFileReference; lastKnownFileType = image.png; path = "Default-568h@2x.png"; sourceTree = "<group>"; };
		EF61207B17B23E6400F1C371 /* en */ = {isa = PBXFileReference; lastKnownFileType = file.storyboard; name = en; path = en.lproj/MainStoryboard.storyboard; sourceTree = "<group>"; };
		EF61207D17B23E6400F1C371 /* ViewController.h */ = {isa = PBXFileReference; lastKnownFileType = sourcecode.c.h; path = ViewController.h; sourceTree = "<group>"; };
		EF61207E17B23E6400F1C371 /* ViewController.m */ = {isa = PBXFileReference; lastKnownFileType = sourcecode.c.objc; path = ViewController.m; sourceTree = "<group>"; };
/* End PBXFileReference section */

/* Begin PBXFrameworksBuildPhase section */
		EF61205C17B23E6400F1C371 /* Frameworks */ = {
			isa = PBXFrameworksBuildPhase;
			buildActionMask = 2147483647;
			files = (
				EF61206317B23E6400F1C371 /* UIKit.framework in Frameworks */,
				EF61206517B23E6400F1C371 /* Foundation.framework in Frameworks */,
				EF61206717B23E6400F1C371 /* CoreGraphics.framework in Frameworks */,
			);
			runOnlyForDeploymentPostprocessing = 0;
		};
/* End PBXFrameworksBuildPhase section */

/* Begin PBXGroup section */
		EF61205617B23E6400F1C371 = {
			isa = PBXGroup;
			children = (
				EF61206817B23E6400F1C371 /* TwoTableview */,
				EF61206117B23E6400F1C371 /* Frameworks */,
				EF61206017B23E6400F1C371 /* Products */,
			);
			sourceTree = "<group>";
		};
		EF61206017B23E6400F1C371 /* Products */ = {
			isa = PBXGroup;
			children = (
				EF61205F17B23E6400F1C371 /* TwoTableview.app */,
			);
			name = Products;
			sourceTree = "<group>";
		};
		EF61206117B23E6400F1C371 /* Frameworks */ = {
			isa = PBXGroup;
			children = (
				EF61206217B23E6400F1C371 /* UIKit.framework */,
				EF61206417B23E6400F1C371 /* Foundation.framework */,
				EF61206617B23E6400F1C371 /* CoreGraphics.framework */,
			);
			name = Frameworks;
			sourceTree = "<group>";
		};
		EF61206817B23E6400F1C371 /* TwoTableview */ = {
			isa = PBXGroup;
			children = (
				EF61207117B23E6400F1C371 /* AppDelegate.h */,
				EF61207217B23E6400F1C371 /* AppDelegate.m */,
				EF61207A17B23E6400F1C371 /* MainStoryboard.storyboard */,
				EF61207D17B23E6400F1C371 /* ViewController.h */,
				EF61207E17B23E6400F1C371 /* ViewController.m */,
				EF61206917B23E6400F1C371 /* Supporting Files */,
			);
			path = TwoTableview;
			sourceTree = "<group>";
		};
		EF61206917B23E6400F1C371 /* Supporting Files */ = {
			isa = PBXGroup;
			children = (
				EF61206A17B23E6400F1C371 /* TwoTableview-Info.plist */,
				EF61206B17B23E6400F1C371 /* InfoPlist.strings */,
				EF61206E17B23E6400F1C371 /* main.m */,
				EF61207017B23E6400F1C371 /* TwoTableview-Prefix.pch */,
				EF61207417B23E6400F1C371 /* Default.png */,
				EF61207617B23E6400F1C371 /* Default@2x.png */,
				EF61207817B23E6400F1C371 /* Default-568h@2x.png */,
			);
			name = "Supporting Files";
			sourceTree = "<group>";
		};
/* End PBXGroup section */

/* Begin PBXNativeTarget section */
		EF61205E17B23E6400F1C371 /* TwoTableview */ = {
			isa = PBXNativeTarget;
			buildConfigurationList = EF61208217B23E6400F1C371 /* Build configuration list for PBXNativeTarget "TwoTableview" */;
			buildPhases = (
				EF61205B17B23E6400F1C371 /* Sources */,
				EF61205C17B23E6400F1C371 /* Frameworks */,
				EF61205D17B23E6400F1C371 /* Resources */,
			);
			buildRules = (
			);
			dependencies = (
			);
			name = TwoTableview;
			productName = TwoTableview;
			productReference = EF61205F17B23E6400F1C371 /* TwoTableview.app */;
			productType = "com.apple.product-type.application";
		};
/* End PBXNativeTarget section */

/* Begin PBXProject section */
		EF61205717B23E6400F1C371 /* Project object */ = {
			isa = PBXProject;
			attributes = {
				LastUpgradeCheck = 0460;
				ORGANIZATIONNAME = "Bharath Kumar Devaraj";
			};
			buildConfigurationList = EF61205A17B23E6400F1C371 /* Build configuration list for PBXProject "TwoTableview" */;
			compatibilityVersion = "Xcode 3.2";
			developmentRegion = English;
			hasScannedForEncodings = 0;
			knownRegions = (
				en,
			);
			mainGroup = EF61205617B23E6400F1C371;
			productRefGroup = EF61206017B23E6400F1C371 /* Products */;
			projectDirPath = "";
			projectRoot = "";
			targets = (
				EF61205E17B23E6400F1C371 /* TwoTableview */,
			);
		};
/* End PBXProject section */

/* Begin PBXResourcesBuildPhase section */
		EF61205D17B23E6400F1C371 /* Resources */ = {
			isa = PBXResourcesBuildPhase;
			buildActionMask = 2147483647;
			files = (
				EF61206D17B23E6400F1C371 /* InfoPlist.strings in Resources */,
				EF61207517B23E6400F1C371 /* Default.png in Resources */,
				EF61207717B23E6400F1C371 /* Default@2x.png in Resources */,
				EF61207917B23E6400F1C371 /* Default-568h@2x.png in Resources */,
				EF61207C17B23E6400F1C371 /* MainStoryboard.storyboard in Resources */,
			);
			runOnlyForDeploymentPostprocessing = 0;
		};
/* End PBXResourcesBuildPhase section */

/* Begin PBXSourcesBuildPhase section */
		EF61205B17B23E6400F1C371 /* Sources */ = {
			isa = PBXSourcesBuildPhase;
			buildActionMask = 2147483647;
			files = (
				EF61206F17B23E6400F1C371 /* main.m in Sources */,
				EF61207317B23E6400F1C371 /* AppDelegate.m in Sources */,
				EF61207F17B23E6400F1C371 /* ViewController.m in Sources */,
			);
			runOnlyForDeploymentPostprocessing = 0;
		};
/* End PBXSourcesBuildPhase section */

/* Begin PBXVariantGroup section */
		EF61206B17B23E6400F1C371 /* InfoPlist.strings */ = {
			isa = PBXVariantGroup;
			children = (
				EF61206C17B23E6400F1C371 /* en */,
			);
			name = InfoPlist.strings;
			sourceTree = "<group>";
		};
		EF61207A17B23E6400F1C371 /* MainStoryboard.storyboard */ = {
			isa = PBXVariantGroup;
			children = (
				EF61207B17B23E6400F1C371 /* en */,
			);
			name = MainStoryboard.storyboard;
			sourceTree = "<group>";
		};
/* End PBXVariantGroup section */

/* Begin XCBuildConfiguration section */
		EF61208017B23E6400F1C371 /* Debug */ = {
			isa = XCBuildConfiguration;
			buildSettings = {
				ALWAYS_SEARCH_USER_PATHS = NO;
				CLANG_CXX_LANGUAGE_STANDARD = "gnu++0x";
				CLANG_CXX_LIBRARY = "libc++";
				CLANG_ENABLE_OBJC_ARC = YES;
				CLANG_WARN_CONSTANT_CONVERSION = YES;
				CLANG_WARN_EMPTY_BODY = YES;
				CLANG_WARN_ENUM_CONVERSION = YES;
				CLANG_WARN_INT_CONVERSION = YES;
				CLANG_WARN__DUPLICATE_METHOD_MATCH = YES;
				"CODE_SIGN_IDENTITY[sdk=iphoneos*]" = "iPhone Developer";
				COPY_PHASE_STRIP = NO;
				GCC_C_LANGUAGE_STANDARD = gnu99;
				GCC_DYNAMIC_NO_PIC = NO;
				GCC_OPTIMIZATION_LEVEL = 0;
				GCC_PREPROCESSOR_DEFINITIONS = (
					"DEBUG=1",
					"$(inherited)",
				);
				GCC_SYMBOLS_PRIVATE_EXTERN = NO;
				GCC_WARN_ABOUT_RETURN_TYPE = YES;
				GCC_WARN_UNINITIALIZED_AUTOS = YES;
				GCC_WARN_UNUSED_VARIABLE = YES;
				IPHONEOS_DEPLOYMENT_TARGET = 6.1;
				ONLY_ACTIVE_ARCH = YES;
				SDKROOT = iphoneos;
			};
			name = Debug;
		};
		EF61208117B23E6400F1C371 /* Release */ = {
			isa = XCBuildConfiguration;
			buildSettings = {
				ALWAYS_SEARCH_USER_PATHS = NO;
				CLANG_CXX_LANGUAGE_STANDARD = "gnu++0x";
				CLANG_CXX_LIBRARY = "libc++";
				CLANG_ENABLE_OBJC_ARC = YES;
				CLANG_WARN_CONSTANT_CONVERSION = YES;
				CLANG_WARN_EMPTY_BODY = YES;
				CLANG_WARN_ENUM_CONVERSION = YES;
				CLANG_WARN_INT_CONVERSION = YES;
				CLANG_WARN__DUPLICATE_METHOD_MATCH = YES;
				"CODE_SIGN_IDENTITY[sdk=iphoneos*]" = "iPhone Developer";
				COPY_PHASE_STRIP = YES;
				GCC_C_LANGUAGE_STANDARD = gnu99;
				GCC_WARN_ABOUT_RETURN_TYPE = YES;
				GCC_WARN_UNINITIALIZED_AUTOS = YES;
				GCC_WARN_UNUSED_VARIABLE = YES;
				IPHONEOS_DEPLOYMENT_TARGET = 6.1;
				OTHER_CFLAGS = "-DNS_BLOCK_ASSERTIONS=1";
				SDKROOT = iphoneos;
				VALIDATE_PRODUCT = YES;
			};
			name = Release;
		};
		EF61208317B23E6400F1C371 /* Debug */ = {
			isa = XCBuildConfiguration;
			buildSettings = {
				GCC_PRECOMPILE_PREFIX_HEADER = YES;
				GCC_PREFIX_HEADER = "TwoTableview/TwoTableview-Prefix.pch";
				INFOPLIST_FILE = "TwoTableview/TwoTableview-Info.plist";
				PRODUCT_NAME = "$(TARGET_NAME)";
				WRAPPER_EXTENSION = app;
			};
			name = Debug;
		};
		EF61208417B23E6400F1C371 /* Release */ = {
			isa = XCBuildConfiguration;
			buildSettings = {
				GCC_PRECOMPILE_PREFIX_HEADER = YES;
				GCC_PREFIX_HEADER = "TwoTableview/TwoTableview-Prefix.pch";
				INFOPLIST_FILE = "TwoTableview/TwoTableview-Info.plist";
				PRODUCT_NAME = "$(TARGET_NAME)";
				WRAPPER_EXTENSION = app;
			};
			name = Release;
		};
/* End XCBuildConfiguration section */

/* Begin XCConfigurationList section */
		EF61205A17B23E6400F1C371 /* Build configuration list for PBXProject "TwoTableview" */ = {
			isa = XCConfigurationList;
			buildConfigurations = (
				EF61208017B23E6400F1C371 /* Debug */,
				EF61208117B23E6400F1C371 /* Release */,
			);
			defaultConfigurationIsVisible = 0;
			defaultConfigurationName = Release;
		};
		EF61208217B23E6400F1C371 /* Build configuration list for PBXNativeTarget "TwoTableview" */ = {
			isa = XCConfigurationList;
			buildConfigurations = (
				EF61208317B23E6400F1C371 /* Debug */,
				EF61208417B23E6400F1C371 /* Release */,
			);
			defaultConfigurationIsVisible = 0;
		};
/* End XCConfigurationList section */
	};
	rootObject = EF61205717B23E6400F1C371 /* Project object */;
}
